{
  "name": "surreal-backend",
  "lockfileVersion": 2,
  "requires": true,
  "packages": {
    "": {
      "dependencies": {
        "surrealdb.js": "^0.9.1"
      }
    },
    "node_modules/surrealdb.js": {
      "version": "0.9.1",
      "resolved": "https://registry.npmjs.org/surrealdb.js/-/surrealdb.js-0.9.1.tgz",
      "integrity": "sha512-Lw7gds+u5966ng00/yOOkeW90VFj2tI5YNZ1cY7t9fyl9yEEcrFOkR5djqXwuJ1V3ORVORP5l+Hv2N6Sfgh5PQ==",
      "dependencies": {
        "unws": "^0.2.3",
        "ws": "^8.13.0"
      }
    },
    "node_modules/unws": {
      "version": "0.2.4",
      "resolved": "https://registry.npmjs.org/unws/-/unws-0.2.4.tgz",
      "integrity": "sha512-/N1ajiqrSp0A/26/LBg7r10fOcPtGXCqJRJ61sijUFoGZMr6ESWGYn7i0cwr7fR7eEECY5HsitqtjGHDZLAu2w==",
      "engines": {
        "node": ">=16.14.0"
      },
      "peerDependencies": {
        "ws": "*"
      }
    },
    "node_modules/ws": {
      "version": "8.14.2",
      "resolved": "https://registry.npmjs.org/ws/-/ws-8.14.2.tgz",
      "integrity": "sha512-wEBG1ftX4jcglPxgFCMJmZ2PLtSbJ2Peg6TmpJFTbe9GZYOQCDPdMYu/Tm0/bGZkw8paZnJY45J4K2PZrLYq8g==",
      "engines": {
        "node": ">=10.0.0"
      },
      "peerDependencies": {
        "bufferutil": "^4.0.1",
        "utf-8-validate": ">=5.0.2"
      },
      "peerDependenciesMeta": {
        "bufferutil": {
          "optional": true
        },
        "utf-8-validate": {
          "optional": true
        }
      }
    }
  },
  "dependencies": {
    "surrealdb.js": {
      "version": "0.9.1",
      "resolved": "https://registry.npmjs.org/surrealdb.js/-/surrealdb.js-0.9.1.tgz",
      "integrity": "sha512-Lw7gds+u5966ng00/yOOkeW90VFj2tI5YNZ1cY7t9fyl9yEEcrFOkR5djqXwuJ1V3ORVORP5l+Hv2N6Sfgh5PQ==",
      "requires": {
        "unws": "^0.2.3",
        "ws": "^8.13.0"
      }
    },
    "unws": {
      "version": "0.2.4",
      "resolved": "https://registry.npmjs.org/unws/-/unws-0.2.4.tgz",
      "integrity": "sha512-/N1ajiqrSp0A/26/LBg7r10fOcPtGXCqJRJ61sijUFoGZMr6ESWGYn7i0cwr7fR7eEECY5HsitqtjGHDZLAu2w==",
      "requires": {}
    },
    "ws": {
      "version": "8.14.2",
      "resolved": "https://registry.npmjs.org/ws/-/ws-8.14.2.tgz",
      "integrity": "sha512-wEBG1ftX4jcglPxgFCMJmZ2PLtSbJ2Peg6TmpJFTbe9GZYOQCDPdMYu/Tm0/bGZkw8paZnJY45J4K2PZrLYq8g==",
      "requires": {}
    }
  }
}
